
Microsoft Visual Studio Solution File, Format Version 12.00
Project("{F2A71F9B-5D33-465A-A702-920D77279786}") = "LibAAS.Domain", "LibAAS.Domain\LibAAS.Domain.fsproj", "{2E86BB97-F8CC-4CEE-8F68-8C53611BA437}"
EndProject
Project("{F2A71F9B-5D33-465A-A702-920D77279786}") = "LibAAS.Infrastructure", "LibAAS.Infrastructure\LibAAS.Infrastructure.fsproj", "{D644C41C-1747-4147-BE3F-C46EDDA4B45F}"
EndProject
Project("{F2A71F9B-5D33-465A-A702-920D77279786}") = "LibAAS.Contracts", "LibAAS.Contracts\LibAAS.Contracts.fsproj", "{9A7AFD29-FDD4-48CD-84F5-AEF34928C172}"
EndProject
Project("{F2A71F9B-5D33-465A-A702-920D77279786}") = "LibAAS.App", "LibAAS.App\LibAAS.App.fsproj", "{E708CA13-5B32-49E1-9226-2FEC5535333A}"
EndProject
Project("{F2A71F9B-5D33-465A-A702-920D77279786}") = "LibAAS.Tests", "LibAAS.Tests\LibAAS.Tests.fsproj", "{A51EB639-4807-49C7-B102-51020B23124E}"
EndProject
Global
	GlobalSection(SolutionConfigurationPlatforms) = preSolution
		Debug|Any CPU = Debug|Any CPU
		Release|Any CPU = Release|Any CPU
	EndGlobalSection
	GlobalSection(ProjectConfigurationPlatforms) = postSolution
		{2E86BB97-F8CC-4CEE-8F68-8C53611BA437}.Debug|Any CPU.ActiveCfg = Debug|Any CPU
		{2E86BB97-F8CC-4CEE-8F68-8C53611BA437}.Debug|Any CPU.Build.0 = Debug|Any CPU
		{2E86BB97-F8CC-4CEE-8F68-8C53611BA437}.Release|Any CPU.ActiveCfg = Release|Any CPU
		{2E86BB97-F8CC-4CEE-8F68-8C53611BA437}.Release|Any CPU.Build.0 = Release|Any CPU
		{D644C41C-1747-4147-BE3F-C46EDDA4B45F}.Debug|Any CPU.ActiveCfg = Debug|Any CPU
		{D644C41C-1747-4147-BE3F-C46EDDA4B45F}.Debug|Any CPU.Build.0 = Debug|Any CPU
		{D644C41C-1747-4147-BE3F-C46EDDA4B45F}.Release|Any CPU.ActiveCfg = Release|Any CPU
		{D644C41C-1747-4147-BE3F-C46EDDA4B45F}.Release|Any CPU.Build.0 = Release|Any CPU
		{9A7AFD29-FDD4-48CD-84F5-AEF34928C172}.Debug|Any CPU.ActiveCfg = Debug|Any CPU
		{9A7AFD29-FDD4-48CD-84F5-AEF34928C172}.Debug|Any CPU.Build.0 = Debug|Any CPU
		{9A7AFD29-FDD4-48CD-84F5-AEF34928C172}.Release|Any CPU.ActiveCfg = Release|Any CPU
		{9A7AFD29-FDD4-48CD-84F5-AEF34928C172}.Release|Any CPU.Build.0 = Release|Any CPU
		{E708CA13-5B32-49E1-9226-2FEC5535333A}.Debug|Any CPU.ActiveCfg = Debug|Any CPU
		{E708CA13-5B32-49E1-9226-2FEC5535333A}.Debug|Any CPU.Build.0 = Debug|Any CPU
		{E708CA13-5B32-49E1-9226-2FEC5535333A}.Release|Any CPU.ActiveCfg = Release|Any CPU
		{E708CA13-5B32-49E1-9226-2FEC5535333A}.Release|Any CPU.Build.0 = Release|Any CPU
		{A51EB639-4807-49C7-B102-51020B23124E}.Debug|Any CPU.ActiveCfg = Debug|Any CPU
		{A51EB639-4807-49C7-B102-51020B23124E}.Debug|Any CPU.Build.0 = Debug|Any CPU
		{A51EB639-4807-49C7-B102-51020B23124E}.Release|Any CPU.ActiveCfg = Release|Any CPU
		{A51EB639-4807-49C7-B102-51020B23124E}.Release|Any CPU.Build.0 = Release|Any CPU
	EndGlobalSection
EndGlobal
